
Microsoft Visual Studio Solution File, Format Version 12.00
# Visual Studio Version 16
VisualStudioVersion = 16.0.30717.126
MinimumVisualStudioVersion = 10.0.40219.1
Project("{9A19103F-16F7-4668-BE54-9A1E7A4F7556}") = "Netflix", "Netflix.csproj", "{37A8B64F-9C6A-475D-AADE-ED82D9FDFFCC}"
EndProject
Global
	GlobalSection(SolutionConfigurationPlatforms) = preSolution
		Debug|Any CPU = Debug|Any CPU
		Release|Any CPU = Release|Any CPU
	EndGlobalSection
	GlobalSection(ProjectConfigurationPlatforms) = postSolution
		{37A8B64F-9C6A-475D-AADE-ED82D9FDFFCC}.Debug|Any CPU.ActiveCfg = Debug|Any CPU
		{37A8B64F-9C6A-475D-AADE-ED82D9FDFFCC}.Debug|Any CPU.Build.0 = Debug|Any CPU
		{37A8B64F-9C6A-475D-AADE-ED82D9FDFFCC}.Release|Any CPU.ActiveCfg = Release|Any CPU
		{37A8B64F-9C6A-475D-AADE-ED82D9FDFFCC}.Release|Any CPU.Build.0 = Release|Any CPU
	EndGlobalSection
	GlobalSection(SolutionProperties) = preSolution
		HideSolutionNode = FALSE
	EndGlobalSection
	GlobalSection(ExtensibilityGlobals) = postSolution
		SolutionGuid = {684B0C6C-EC02-4B4E-A1C4-F8C28A441ED4}
	EndGlobalSection
EndGlobal
